// !$*UTF8*$!
{
	archiveVersion = 1;
	classes = {
	};
	objectVersion = 77;
	objects = {

/* Begin PBXBuildFile section */
		D330DEB92F758C00005A55CF /* Supabase in Frameworks */ = {isa = PBXBuildFile; productRef = D330DEB82F758C00005A55CF /* Supabase */; };
		D330DF7D2FAAD47A005A55CF /* Accelerate.framework in Frameworks */ = {isa = PBXBuildFile; fileRef = D330DF7C2FAAD47A005A55CF /* Accelerate.framework */; };
/* End PBXBuildFile section */

/* Begin PBXContainerItemProxy section */
		D3D997E82F479DBB00308C55 /* PBXContainerItemProxy */ = {
			isa = PBXContainerItemProxy;
			containerPortal = D3D997D22F479DBA00308C55 /* Project object */;
			proxyType = 1;
			remoteGlobalIDString = D3D997D92F479DBA00308C55;
			remoteInfo = Meigan;
		};
		D3D997F22F479DBB00308C55 /* PBXContainerItemProxy */ = {
			isa = PBXContainerItemProxy;
			containerPortal = D3D997D22F479DBA00308C55 /* Project object */;
			proxyType = 1;
			remoteGlobalIDString = D3D997D92F479DBA00308C55;
			remoteInfo = Meigan;
		};
/* End PBXContainerItemProxy section */

/* Begin PBXFileReference section */
		D330DF7C2FAAD47A005A55CF /* Accelerate.framework */ = {isa = PBXFileReference; lastKnownFileType = wrapper.framework; name = Accelerate.framework; path = System/Library/Frameworks/Accelerate.framework; sourceTree = SDKROOT; };
		D3D997DA2F479DBA00308C55 /* Meigan.app */ = {isa = PBXFileReference; explicitFileType = wrapper.application; includeInIndex = 0; path = Meigan.app; sourceTree = BUILT_PRODUCTS_DIR; };
		D3D997E72F479DBB00308C55 /* MeiganTests.xctest */ = {isa = PBXFileReference; explicitFileType = wrapper.cfbundle; includeInIndex = 0; path = MeiganTests.xctest; sourceTree = BUILT_PRODUCTS_DIR; };
		D3D997F12F479DBB00308C55 /* MeiganUITests.xctest */ = {isa = PBXFileReference; explicitFileType = wrapper.cfbundle; includeInIndex = 0; path = MeiganUITests.xctest; sourceTree = BUILT_PRODUCTS_DIR; };
/* End PBXFileReference section */

/* Begin PBXFileSystemSynchronizedBuildFileExceptionSet section */
		D33E32EB2F58E108008AFB42 /* Exceptions for "Meigan" folder in "Meigan" target */ = {
			isa = PBXFileSystemSynchronizedBuildFileExceptionSet;
			membershipExceptions = (
				Info.plist,
			);
			target = D3D997D92F479DBA00308C55 /* Meigan */;
		};
/* End PBXFileSystemSynchronizedBuildFileExceptionSet section */

/* Begin PBXFileSystemSynchronizedRootGroup section */
		D3D997DC2F479DBA00308C55 /* Meigan */ = {
			isa = PBXFileSystemSynchronizedRootGroup;
			exceptions = (
				D33E32EB2F58E108008AFB42 /* Exceptions for "Meigan" folder in "Meigan" target */,
			);
			path = Meigan;
			sourceTree = "<group>";
		};
		D3D997EA2F479DBB00308C55 /* MeiganTests */ = {
			isa = PBXFileSystemSynchronizedRootGroup;
			path = MeiganTests;
			sourceTree = "<group>";
		};
		D3D997F42F479DBB00308C55 /* MeiganUITests */ = {
			isa = PBXFileSystemSynchronizedRootGroup;
			path = MeiganUITests;
			sourceTree = "<group>";
		};
/* End PBXFileSystemSynchronizedRootGroup section */

/* Begin PBXFrameworksBuildPhase section */
		D3D997D72F479DBA00308C55 /* Frameworks */ = {
			isa = PBXFrameworksBuildPhase;
			buildActionMask = 2147483647;
			files = (
				D330DEB92F758C00005A55CF /* Supabase in Frameworks */,
				D330DF7D2FAAD47A005A55CF /* Accelerate.framework in Frameworks */,
			);
			runOnlyForDeploymentPostprocessing = 0;
		};
		D3D997E42F479DBB00308C55 /* Frameworks */ = {
			isa = PBXFrameworksBuildPhase;
			buildActionMask = 2147483647;
			files = (
			);
			runOnlyForDeploymentPostprocessing = 0;
		};
		D3D997EE2F479DBB00308C55 /* Frameworks */ = {
			isa = PBXFrameworksBuildPhase;
			buildActionMask = 2147483647;
			files = (
			);
			runOnlyForDeploymentPostprocessing = 0;
		};
/* End PBXFrameworksBuildPhase section */

/* Begin PBXGroup section */
		D330DEB72F758C00005A55CF /* Frameworks */ = {
			isa = PBXGroup;
			children = (
				D330DF7C2FAAD47A005A55CF /* Accelerate.framework */,
			);
			name = Frameworks;
			sourceTree = "<group>";
		};
		D3D997D12F479DBA00308C55 = {
			isa = PBXGroup;
			children = (
				D3D997DC2F479DBA00308C55 /* Meigan */,
				D3D997EA2F479DBB00308C55 /* MeiganTests */,
				D3D997F42F479DBB00308C55 /* MeiganUITests */,
				D330DEB72F758C00005A55CF /* Frameworks */,
				D3D997DB2F479DBA00308C55 /* Products */,
			);
			sourceTree = "<group>";
		};
		D3D997DB2F479DBA00308C55 /* Products */ = {
			isa = PBXGroup;
			children = (
				D3D997DA2F479DBA00308C55 /* Meigan.app */,
				D3D997E72F479DBB00308C55 /* MeiganTests.xctest */,
				D3D997F12F479DBB00308C55 /* MeiganUITests.xctest */,
			);
			name = Products;
			sourceTree = "<group>";
		};
/* End PBXGroup section */

/* Begin PBXNativeTarget section */
		D3D997D92F479DBA00308C55 /* Meigan */ = {
			isa = PBXNativeTarget;
			buildConfigurationList = D3D997FB2F479DBB00308C55 /* Build configuration list for PBXNativeTarget "Meigan" */;
			buildPhases = (
				D3D997D62F479DBA00308C55 /* Sources */,
				D3D997D72F479DBA00308C55 /* Frameworks */,
				D3D997D82F479DBA00308C55 /* Resources */,
			);
			buildRules = (
			);
			dependencies = (
			);
			fileSystemSynchronizedGroups = (
				D3D997DC2F479DBA00308C55 /* Meigan */,
			);
			name = Meigan;
			packageProductDependencies = (
				D330DEB82F758C00005A55CF /* Supabase */,
			);
			productName = Meigan;
			productReference = D3D997DA2F479DBA00308C55 /* Meigan.app */;
			productType = "com.apple.product-type.application";
		};
		D3D997E62F479DBB00308C55 /* MeiganTests */ = {
			isa = PBXNativeTarget;
			buildConfigurationList = D3D997FE2F479DBB00308C55 /* Build configuration list for PBXNativeTarget "MeiganTests" */;
			buildPhases = (
				D3D997E32F479DBB00308C55 /* Sources */,
				D3D997E42F479DBB00308C55 /* Frameworks */,
				D3D997E52F479DBB00308C55 /* Resources */,
			);
			buildRules = (
			);
			dependencies = (
				D3D997E92F479DBB00308C55 /* PBXTargetDependency */,
			);
			fileSystemSynchronizedGroups = (
				D3D997EA2F479DBB00308C55 /* MeiganTests */,
			);
			name = MeiganTests;
			packageProductDependencies = (
			);
			productName = MeiganTests;
			productReference = D3D997E72F479DBB00308C55 /* MeiganTests.xctest */;
			productType = "com.apple.product-type.bundle.unit-test";
		};
		D3D997F02F479DBB00308C55 /* MeiganUITests */ = {
			isa = PBXNativeTarget;
			buildConfigurationList = D3D998012F479DBB00308C55 /* Build configuration list for PBXNativeTarget "MeiganUITests" */;
			buildPhases = (
				D3D997ED2F479DBB00308C55 /* Sources */,
				D3D997EE2F479DBB00308C55 /* Frameworks */,
				D3D997EF2F479DBB00308C55 /* Resources */,
			);
			buildRules = (
			);
			dependencies = (
				D3D997F32F479DBB00308C55 /* PBXTargetDependency */,
			);
			fileSystemSynchronizedGroups = (
				D3D997F42F479DBB00308C55 /* MeiganUITests */,
			);
			name = MeiganUITests;
			packageProductDependencies = (
			);
			productName = MeiganUITests;
			productReference = D3D997F12F479DBB00308C55 /* MeiganUITests.xctest */;
			productType = "com.apple.product-type.bundle.ui-testing";
		};
/* End PBXNativeTarget section */

/* Begin PBXProject section */
		D3D997D22F479DBA00308C55 /* Project object */ = {
			isa = PBXProject;
			attributes = {
				BuildIndependentTargetsInParallel = 1;
				LastSwiftUpdateCheck = 2620;
				LastUpgradeCheck = 2620;
				TargetAttributes = {
					D3D997D92F479DBA00308C55 = {
						CreatedOnToolsVersion = 26.2;
					};
					D3D997E62F479DBB00308C55 = {
						CreatedOnToolsVersion = 26.2;
						TestTargetID = D3D997D92F479DBA00308C55;
					};
					D3D997F02F479DBB00308C55 = {
						CreatedOnToolsVersion = 26.2;
						TestTargetID = D3D997D92F479DBA00308C55;
					};
				};
			};
			buildConfigurationList = D3D997D52F479DBA00308C55 /* Build configuration list for PBXProject "Meigan" */;
			developmentRegion = en;
			hasScannedForEncodings = 0;
			knownRegions = (
				en,
				Base,
			);
			mainGroup = D3D997D12F479DBA00308C55;
			minimizedProjectReferenceProxies = 1;
			packageReferences = (
				D330DEB42F756C75005A55CF /* XCRemoteSwiftPackageReference "supabase-swift" */,
			);
			preferredProjectObjectVersion = 77;
			productRefGroup = D3D997DB2F479DBA00308C55 /* Products */;
			projectDirPath = "";
			projectRoot = "";
			targets = (
				D3D997D92F479DBA00308C55 /* Meigan */,
				D3D997E62F479DBB00308C55 /* MeiganTests */,
				D3D997F02F479DBB00308C55 /* MeiganUITests */,
			);
		};
/* End PBXProject section */

/* Begin PBXResourcesBuildPhase section */
		D3D997D82F479DBA00308C55 /* Resources */ = {
			isa = PBXResourcesBuildPhase;
			buildActionMask = 2147483647;
			files = (
			);
			runOnlyForDeploymentPostprocessing = 0;
		};
		D3D997E52F479DBB00308C55 /* Resources */ = {
			isa = PBXResourcesBuildPhase;
			buildActionMask = 2147483647;
			files = (
			);
			runOnlyForDeploymentPostprocessing = 0;
		};
		D3D997EF2F479DBB00308C55 /* Resources */ = {
			isa = PBXResourcesBuildPhase;
			buildActionMask = 2147483647;
			files = (
			);
			runOnlyForDeploymentPostprocessing = 0;
		};
/* End PBXResourcesBuildPhase section */

/* Begin PBXSourcesBuildPhase section */
		D3D997D62F479DBA00308C55 /* Sources */ = {
			isa = PBXSourcesBuildPhase;
			buildActionMask = 2147483647;
			files = (
			);
			runOnlyForDeploymentPostprocessing = 0;
		};
		D3D997E32F479DBB00308C55 /* Sources */ = {
			isa = PBXSourcesBuildPhase;
			buildActionMask = 2147483647;
			files = (
			);
			runOnlyForDeploymentPostprocessing = 0;
		};
		D3D997ED2F479DBB00308C55 /* Sources */ = {
			isa = PBXSourcesBuildPhase;
			buildActionMask = 2147483647;
			files = (
			);
			runOnlyForDeploymentPostprocessing = 0;
		};
/* End PBXSourcesBuildPhase section */

/* Begin PBXTargetDependency section */
		D3D997E92F479DBB00308C55 /* PBXTargetDependency */ = {
			isa = PBXTargetDependency;
			target = D3D997D92F479DBA00308C55 /* Meigan */;
			targetProxy = D3D997E82F479DBB00308C55 /* PBXContainerItemProxy */;
		};
		D3D997F32F479DBB00308C55 /* PBXTargetDependency */ = {
			isa = PBXTargetDependency;
			target = D3D997D92F479DBA00308C55 /* Meigan */;
			targetProxy = D3D997F22F479DBB00308C55 /* PBXContainerItemProxy */;
		};
/* End PBXTargetDependency section */

/* Begin XCBuildConfiguration section */
		D3D997F92F479DBB00308C55 /* Debug */ = {
			isa = XCBuildConfiguration;
			buildSettings = {
				ALWAYS_SEARCH_USER_PATHS = NO;
				ASSETCATALOG_COMPILER_GENERATE_SWIFT_ASSET_SYMBOL_EXTENSIONS = YES;
				CLANG_ANALYZER_NONNULL = YES;
				CLANG_ANALYZER_NUMBER_OBJECT_CONVERSION = YES_AGGRESSIVE;
				CLANG_CXX_LANGUAGE_STANDARD = "gnu++20";
				CLANG_ENABLE_MODULES = YES;
				CLANG_ENABLE_OBJC_ARC = YES;
				CLANG_ENABLE_OBJC_WEAK = YES;
				CLANG_WARN_BLOCK_CAPTURE_AUTORELEASING = YES;
				CLANG_WARN_BOOL_CONVERSION = YES;
				CLANG_WARN_COMMA = YES;
				CLANG_WARN_CONSTANT_CONVERSION = YES;
				CLANG_WARN_DEPRECATED_OBJC_IMPLEMENTATIONS = YES;
				CLANG_WARN_DIRECT_OBJC_ISA_USAGE = YES_ERROR;
				CLANG_WARN_DOCUMENTATION_COMMENTS = YES;
				CLANG_WARN_EMPTY_BODY = YES;
				CLANG_WARN_ENUM_CONVERSION = YES;
				CLANG_WARN_INFINITE_RECURSION = YES;
				CLANG_WARN_INT_CONVERSION = YES;
				CLANG_WARN_NON_LITERAL_NULL_CONVERSION = YES;
				CLANG_WARN_OBJC_IMPLICIT_RETAIN_SELF = YES;
				CLANG_WARN_OBJC_LITERAL_CONVERSION = YES;
				CLANG_WARN_OBJC_ROOT_CLASS = YES_ERROR;
				CLANG_WARN_QUOTED_INCLUDE_IN_FRAMEWORK_HEADER = YES;
				CLANG_WARN_RANGE_LOOP_ANALYSIS = YES;
				CLANG_WARN_STRICT_PROTOTYPES = YES;
				CLANG_WARN_SUSPICIOUS_MOVE = YES;
				CLANG_WARN_UNGUARDED_AVAILABILITY = YES_AGGRESSIVE;
				CLANG_WARN_UNREACHABLE_CODE = YES;
				CLANG_WARN__DUPLICATE_METHOD_MATCH = YES;
				COPY_PHASE_STRIP = NO;
				DEBUG_INFORMATION_FORMAT = dwarf;
				ENABLE_STRICT_OBJC_MSGSEND = YES;
				ENABLE_TESTABILITY = YES;
				ENABLE_USER_SCRIPT_SANDBOXING = YES;
				GCC_C_LANGUAGE_STANDARD = gnu17;
				GCC_DYNAMIC_NO_PIC = NO;
				GCC_NO_COMMON_BLOCKS = YES;
				GCC_OPTIMIZATION_LEVEL = 0;
				GCC_PREPROCESSOR_DEFINITIONS = (
					"DEBUG=1",
					"$(inherited)",
				);
				GCC_WARN_64_TO_32_BIT_CONVERSION = YES;
				GCC_WARN_ABOUT_RETURN_TYPE = YES_ERROR;
				GCC_WARN_UNDECLARED_SELECTOR = YES;
				GCC_WARN_UNINITIALIZED_AUTOS = YES_AGGRESSIVE;
				GCC_WARN_UNUSED_FUNCTION = YES;
				GCC_WARN_UNUSED_VARIABLE = YES;
				IPHONEOS_DEPLOYMENT_TARGET = 26.2;
				LOCALIZATION_PREFERS_STRING_CATALOGS = YES;
				MTL_ENABLE_DEBUG_INFO = INCLUDE_SOURCE;
				MTL_FAST_MATH = YES;
				ONLY_ACTIVE_ARCH = YES;
				SDKROOT = iphoneos;
				SWIFT_ACTIVE_COMPILATION_CONDITIONS = "DEBUG $(inherited)";
				SWIFT_OPTIMIZATION_LEVEL = "-Onone";
			};
			name = Debug;
		};
		D3D997FA2F479DBB00308C55 /* Release */ = {
			isa = XCBuildConfiguration;
			buildSettings = {
				ALWAYS_SEARCH_USER_PATHS = NO;
				ASSETCATALOG_COMPILER_GENERATE_SWIFT_ASSET_SYMBOL_EXTENSIONS = YES;
				CLANG_ANALYZER_NONNULL = YES;
				CLANG_ANALYZER_NUMBER_OBJECT_CONVERSION = YES_AGGRESSIVE;
				CLANG_CXX_LANGUAGE_STANDARD = "gnu++20";
				CLANG_ENABLE_MODULES = YES;
				CLANG_ENABLE_OBJC_ARC = YES;
				CLANG_ENABLE_OBJC_WEAK = YES;
				CLANG_WARN_BLOCK_CAPTURE_AUTORELEASING = YES;
				CLANG_WARN_BOOL_CONVERSION = YES;
				CLANG_WARN_COMMA = YES;
				CLANG_WARN_CONSTANT_CONVERSION = YES;
				CLANG_WARN_DEPRECATED_OBJC_IMPLEMENTATIONS = YES;
				CLANG_WARN_DIRECT_OBJC_ISA_USAGE = YES_ERROR;
				CLANG_WARN_DOCUMENTATION_COMMENTS = YES;
				CLANG_WARN_EMPTY_BODY = YES;
				CLANG_WARN_ENUM_CONVERSION = YES;
				CLANG_WARN_INFINITE_RECURSION = YES;
				CLANG_WARN_INT_CONVERSION = YES;
				CLANG_WARN_NON_LITERAL_NULL_CONVERSION = YES;
				CLANG_WARN_OBJC_IMPLICIT_RETAIN_SELF = YES;
				CLANG_WARN_OBJC_LITERAL_CONVERSION = YES;
				CLANG_WARN_OBJC_ROOT_CLASS = YES_ERROR;
				CLANG_WARN_QUOTED_INCLUDE_IN_FRAMEWORK_HEADER = YES;
				CLANG_WARN_RANGE_LOOP_ANALYSIS = YES;
				CLANG_WARN_STRICT_PROTOTYPES = YES;
				CLANG_WARN_SUSPICIOUS_MOVE = YES;
				CLANG_WARN_UNGUARDED_AVAILABILITY = YES_AGGRESSIVE;
				CLANG_WARN_UNREACHABLE_CODE = YES;
				CLANG_WARN__DUPLICATE_METHOD_MATCH = YES;
				COPY_PHASE_STRIP = NO;
				DEBUG_INFORMATION_FORMAT = "dwarf-with-dsym";
				ENABLE_NS_ASSERTIONS = NO;
				ENABLE_STRICT_OBJC_MSGSEND = YES;
				ENABLE_USER_SCRIPT_SANDBOXING = YES;
				GCC_C_LANGUAGE_STANDARD = gnu17;
				GCC_NO_COMMON_BLOCKS = YES;
				GCC_WARN_64_TO_32_BIT_CONVERSION = YES;
				GCC_WARN_ABOUT_RETURN_TYPE = YES_ERROR;
				GCC_WARN_UNDECLARED_SELECTOR = YES;
				GCC_WARN_UNINITIALIZED_AUTOS = YES_AGGRESSIVE;
				GCC_WARN_UNUSED_FUNCTION = YES;
				GCC_WARN_UNUSED_VARIABLE = YES;
				IPHONEOS_DEPLOYMENT_TARGET = 26.2;
				LOCALIZATION_PREFERS_STRING_CATALOGS = YES;
				MTL_ENABLE_DEBUG_INFO = NO;
				MTL_FAST_MATH = YES;
				SDKROOT = iphoneos;
				SWIFT_COMPILATION_MODE = wholemodule;
				VALIDATE_PRODUCT = YES;
			};
			name = Release;
		};
		D3D997FC2F479DBB00308C55 /* Debug */ = {
			isa = XCBuildConfiguration;
			buildSettings = {
				ASSETCATALOG_COMPILER_APPICON_NAME = AppIcon;
				ASSETCATALOG_COMPILER_GLOBAL_ACCENT_COLOR_NAME = AccentColor;
				CODE_SIGN_STYLE = Automatic;
				CURRENT_PROJECT_VERSION = 1;
				DEVELOPMENT_TEAM = Q4PVXQC7GX;
				ENABLE_PREVIEWS = YES;
				GCC_PREPROCESSOR_DEFINITIONS = (
					"ACCELERATE_NEW_LAPACK=1",
					"ACCELERATE_LAPACK_ILP64=1",
				);
				GENERATE_INFOPLIST_FILE = YES;
				INFOPLIST_FILE = Meigan/Info.plist;
				INFOPLIST_KEY_NSCameraUsageDescription = "Meigan uses your camera to measure distance in 3D space";
				INFOPLIST_KEY_NSPhotoLibraryAddUsageDescription = "Meigan can save AR screenshots you confirm in the preview to your photo library.";
				INFOPLIST_KEY_UIApplicationSceneManifest_Generation = YES;
				INFOPLIST_KEY_UIApplicationSupportsIndirectInputEvents = YES;
				INFOPLIST_KEY_UILaunchScreen_Generation = YES;
				INFOPLIST_KEY_UISupportedInterfaceOrientations_iPad = "UIInterfaceOrientationPortrait UIInterfaceOrientationPortraitUpsideDown UIInterfaceOrientationLandscapeLeft UIInterfaceOrientationLandscapeRight";
				INFOPLIST_KEY_UISupportedInterfaceOrientations_iPhone = "UIInterfaceOrientationPortrait UIInterfaceOrientationLandscapeLeft UIInterfaceOrientationLandscapeRight";
				IPHONEOS_DEPLOYMENT_TARGET = 16.4;
				LD_RUNPATH_SEARCH_PATHS = (
					"$(inherited)",
					"@executable_path/Frameworks",
				);
				MARKETING_VERSION = 1.0;
				OTHER_SWIFT_FLAGS = "-Xcc -DACCELERATE_NEW_LAPACK=1 -Xcc -DACCELERATE_LAPACK_ILP64=1";
				PRODUCT_BUNDLE_IDENTIFIER = "ryan-chen.Meigan";
				PRODUCT_NAME = "$(TARGET_NAME)";
				STRING_CATALOG_GENERATE_SYMBOLS = YES;
				SWIFT_APPROACHABLE_CONCURRENCY = YES;
				SWIFT_DEFAULT_ACTOR_ISOLATION = MainActor;
				SWIFT_EMIT_LOC_STRINGS = YES;
				SWIFT_UPCOMING_FEATURE_MEMBER_IMPORT_VISIBILITY = YES;
				SWIFT_VERSION = 5.0;
				TARGETED_DEVICE_FAMILY = "1,2";
			};
			name = Debug;
		};
		D3D997FD2F479DBB00308C55 /* Release */ = {
			isa = XCBuildConfiguration;
			buildSettings = {
				ASSETCATALOG_COMPILER_APPICON_NAME = AppIcon;
				ASSETCATALOG_COMPILER_GLOBAL_ACCENT_COLOR_NAME = AccentColor;
				CODE_SIGN_STYLE = Automatic;
				CURRENT_PROJECT_VERSION = 1;
				DEVELOPMENT_TEAM = Q4PVXQC7GX;
				ENABLE_PREVIEWS = YES;
				GCC_PREPROCESSOR_DEFINITIONS = (
					"ACCELERATE_NEW_LAPACK=1",
					"ACCELERATE_LAPACK_ILP64=1",
				);
				GENERATE_INFOPLIST_FILE = YES;
				INFOPLIST_FILE = Meigan/Info.plist;
				INFOPLIST_KEY_NSCameraUsageDescription = "Meigan uses your camera to measure distance in 3D space";
				INFOPLIST_KEY_NSPhotoLibraryAddUsageDescription = "Meigan can save AR screenshots you confirm in the preview to your photo library.";
				INFOPLIST_KEY_UIApplicationSceneManifest_Generation = YES;
				INFOPLIST_KEY_UIApplicationSupportsIndirectInputEvents = YES;
				INFOPLIST_KEY_UILaunchScreen_Generation = YES;
				INFOPLIST_KEY_UISupportedInterfaceOrientations_iPad = "UIInterfaceOrientationPortrait UIInterfaceOrientationPortraitUpsideDown UIInterfaceOrientationLandscapeLeft UIInterfaceOrientationLandscapeRight";
				INFOPLIST_KEY_UISupportedInterfaceOrientations_iPhone = "UIInterfaceOrientationPortrait UIInterfaceOrientationLandscapeLeft UIInterfaceOrientationLandscapeRight";
				IPHONEOS_DEPLOYMENT_TARGET = 16.4;
				LD_RUNPATH_SEARCH_PATHS = (
					"$(inherited)",
					"@executable_path/Frameworks",
				);
				MARKETING_VERSION = 1.0;
				OTHER_SWIFT_FLAGS = "-Xcc -DACCELERATE_NEW_LAPACK=1 -Xcc -DACCELERATE_LAPACK_ILP64=1";
				PRODUCT_BUNDLE_IDENTIFIER = "ryan-chen.Meigan";
				PRODUCT_NAME = "$(TARGET_NAME)";
				STRING_CATALOG_GENERATE_SYMBOLS = YES;
				SWIFT_APPROACHABLE_CONCURRENCY = YES;
				SWIFT_DEFAULT_ACTOR_ISOLATION = MainActor;
				SWIFT_EMIT_LOC_STRINGS = YES;
				SWIFT_UPCOMING_FEATURE_MEMBER_IMPORT_VISIBILITY = YES;
				SWIFT_VERSION = 5.0;
				TARGETED_DEVICE_FAMILY = "1,2";
			};
			name = Release;
		};
		D3D997FF2F479DBB00308C55 /* Debug */ = {
			isa = XCBuildConfiguration;
			buildSettings = {
				BUNDLE_LOADER = "$(TEST_HOST)";
				CODE_SIGN_STYLE = Automatic;
				CURRENT_PROJECT_VERSION = 1;
				GENERATE_INFOPLIST_FILE = YES;
				IPHONEOS_DEPLOYMENT_TARGET = 26.2;
				MARKETING_VERSION = 1.0;
				PRODUCT_BUNDLE_IDENTIFIER = "ryan-chen.MeiganTests";
				PRODUCT_NAME = "$(TARGET_NAME)";
				STRING_CATALOG_GENERATE_SYMBOLS = NO;
				SWIFT_APPROACHABLE_CONCURRENCY = YES;
				SWIFT_EMIT_LOC_STRINGS = NO;
				SWIFT_UPCOMING_FEATURE_MEMBER_IMPORT_VISIBILITY = YES;
				SWIFT_VERSION = 5.0;
				TARGETED_DEVICE_FAMILY = "1,2";
				TEST_HOST = "$(BUILT_PRODUCTS_DIR)/Meigan.app/$(BUNDLE_EXECUTABLE_FOLDER_PATH)/Meigan";
			};
			name = Debug;
		};
		D3D998002F479DBB00308C55 /* Release */ = {
			isa = XCBuildConfiguration;
			buildSettings = {
				BUNDLE_LOADER = "$(TEST_HOST)";
				CODE_SIGN_STYLE = Automatic;
				CURRENT_PROJECT_VERSION = 1;
				GENERATE_INFOPLIST_FILE = YES;
				IPHONEOS_DEPLOYMENT_TARGET = 26.2;
				MARKETING_VERSION = 1.0;
				PRODUCT_BUNDLE_IDENTIFIER = "ryan-chen.MeiganTests";
				PRODUCT_NAME = "$(TARGET_NAME)";
				STRING_CATALOG_GENERATE_SYMBOLS = NO;
				SWIFT_APPROACHABLE_CONCURRENCY = YES;
				SWIFT_EMIT_LOC_STRINGS = NO;
				SWIFT_UPCOMING_FEATURE_MEMBER_IMPORT_VISIBILITY = YES;
				SWIFT_VERSION = 5.0;
				TARGETED_DEVICE_FAMILY = "1,2";
				TEST_HOST = "$(BUILT_PRODUCTS_DIR)/Meigan.app/$(BUNDLE_EXECUTABLE_FOLDER_PATH)/Meigan";
			};
			name = Release;
		};
		D3D998022F479DBB00308C55 /* Debug */ = {
			isa = XCBuildConfiguration;
			buildSettings = {
				CODE_SIGN_STYLE = Automatic;
				CURRENT_PROJECT_VERSION = 1;
				GENERATE_INFOPLIST_FILE = YES;
				MARKETING_VERSION = 1.0;
				PRODUCT_BUNDLE_IDENTIFIER = "ryan-chen.MeiganUITests";
				PRODUCT_NAME = "$(TARGET_NAME)";
				STRING_CATALOG_GENERATE_SYMBOLS = NO;
				SWIFT_APPROACHABLE_CONCURRENCY = YES;
				SWIFT_EMIT_LOC_STRINGS = NO;
				SWIFT_UPCOMING_FEATURE_MEMBER_IMPORT_VISIBILITY = YES;
				SWIFT_VERSION = 5.0;
				TARGETED_DEVICE_FAMILY = "1,2";
				TEST_TARGET_NAME = Meigan;
			};
			name = Debug;
		};
		D3D998032F479DBB00308C55 /* Release */ = {
			isa = XCBuildConfiguration;
			buildSettings = {
				CODE_SIGN_STYLE = Automatic;
				CURRENT_PROJECT_VERSION = 1;
				GENERATE_INFOPLIST_FILE = YES;
				MARKETING_VERSION = 1.0;
				PRODUCT_BUNDLE_IDENTIFIER = "ryan-chen.MeiganUITests";
				PRODUCT_NAME = "$(TARGET_NAME)";
				STRING_CATALOG_GENERATE_SYMBOLS = NO;
				SWIFT_APPROACHABLE_CONCURRENCY = YES;
				SWIFT_EMIT_LOC_STRINGS = NO;
				SWIFT_UPCOMING_FEATURE_MEMBER_IMPORT_VISIBILITY = YES;
				SWIFT_VERSION = 5.0;
				TARGETED_DEVICE_FAMILY = "1,2";
				TEST_TARGET_NAME = Meigan;
			};
			name = Release;
		};
/* End XCBuildConfiguration section */

/* Begin XCConfigurationList section */
		D3D997D52F479DBA00308C55 /* Build configuration list for PBXProject "Meigan" */ = {
			isa = XCConfigurationList;
			buildConfigurations = (
				D3D997F92F479DBB00308C55 /* Debug */,
				D3D997FA2F479DBB00308C55 /* Release */,
			);
			defaultConfigurationIsVisible = 0;
			defaultConfigurationName = Release;
		};
		D3D997FB2F479DBB00308C55 /* Build configuration list for PBXNativeTarget "Meigan" */ = {
			isa = XCConfigurationList;
			buildConfigurations = (
				D3D997FC2F479DBB00308C55 /* Debug */,
				D3D997FD2F479DBB00308C55 /* Release */,
			);
			defaultConfigurationIsVisible = 0;
			defaultConfigurationName = Release;
		};
		D3D997FE2F479DBB00308C55 /* Build configuration list for PBXNativeTarget "MeiganTests" */ = {
			isa = XCConfigurationList;
			buildConfigurations = (
				D3D997FF2F479DBB00308C55 /* Debug */,
				D3D998002F479DBB00308C55 /* Release */,
			);
			defaultConfigurationIsVisible = 0;
			defaultConfigurationName = Release;
		};
		D3D998012F479DBB00308C55 /* Build configuration list for PBXNativeTarget "MeiganUITests" */ = {
			isa = XCConfigurationList;
			buildConfigurations = (
				D3D998022F479DBB00308C55 /* Debug */,
				D3D998032F479DBB00308C55 /* Release */,
			);
			defaultConfigurationIsVisible = 0;
			defaultConfigurationName = Release;
		};
/* End XCConfigurationList section */

/* Begin XCRemoteSwiftPackageReference section */
		D330DEB42F756C75005A55CF /* XCRemoteSwiftPackageReference "supabase-swift" */ = {
			isa = XCRemoteSwiftPackageReference;
			repositoryURL = "https://github.com/supabase/supabase-swift.git";
			requirement = {
				kind = upToNextMajorVersion;
				minimumVersion = 2.5.1;
			};
		};
/* End XCRemoteSwiftPackageReference section */

/* Begin XCSwiftPackageProductDependency section */
		D330DEB82F758C00005A55CF /* Supabase */ = {
			isa = XCSwiftPackageProductDependency;
			package = D330DEB42F756C75005A55CF /* XCRemoteSwiftPackageReference "supabase-swift" */;
			productName = Supabase;
		};
/* End XCSwiftPackageProductDependency section */
	};
	rootObject = D3D997D22F479DBA00308C55 /* Project object */;
}
